// !$*UTF8*$!
{
	archiveVersion = 1;
	classes = {
	};
	objectVersion = 55;
	objects = {

/* Begin PBXBuildFile section */
		FE291BDC2861589B0094AB6C /* WeatherCollectionViewDelegate.swift in Sources */ = {isa = PBXBuildFile; fileRef = FE291BDB2861589B0094AB6C /* WeatherCollectionViewDelegate.swift */; };
		FE291BDF2861598B0094AB6C /* DetailWeatherViewController.swift in Sources */ = {isa = PBXBuildFile; fileRef = FE291BDE2861598B0094AB6C /* DetailWeatherViewController.swift */; };
		FE291BE1286167740094AB6C /* DetailWeatherViewModel.swift in Sources */ = {isa = PBXBuildFile; fileRef = FE291BE0286167740094AB6C /* DetailWeatherViewModel.swift */; };
		FE291BE32861696A0094AB6C /* WeatherDetailData.swift in Sources */ = {isa = PBXBuildFile; fileRef = FE291BE22861696A0094AB6C /* WeatherDetailData.swift */; };
		FE298C002861BA0B00177D8F /* InfoView.swift in Sources */ = {isa = PBXBuildFile; fileRef = FE298BFF2861BA0B00177D8F /* InfoView.swift */; };
		FE298C022861BEB500177D8F /* AdditionalWeatherInfoView.swift in Sources */ = {isa = PBXBuildFile; fileRef = FE298C012861BEB500177D8F /* AdditionalWeatherInfoView.swift */; };
		FE298C042861C05600177D8F /* AdditionalWeatherInfoViewModel.swift in Sources */ = {isa = PBXBuildFile; fileRef = FE298C032861C05600177D8F /* AdditionalWeatherInfoViewModel.swift */; };
		FE298C072861D10F00177D8F /* TemperatureInfoSlotView.swift in Sources */ = {isa = PBXBuildFile; fileRef = FE298C062861D10F00177D8F /* TemperatureInfoSlotView.swift */; };
		FE298C092861D17000177D8F /* ETCInfoSlotView.swift in Sources */ = {isa = PBXBuildFile; fileRef = FE298C082861D17000177D8F /* ETCInfoSlotView.swift */; };
		FE298C0E286213F000177D8F /* CustomNavigationBar.swift in Sources */ = {isa = PBXBuildFile; fileRef = FE298C0D286213F000177D8F /* CustomNavigationBar.swift */; };
		FE791BDB286006460038661E /* AppDelegate.swift in Sources */ = {isa = PBXBuildFile; fileRef = FE791BDA286006460038661E /* AppDelegate.swift */; };
		FE791BDD286006460038661E /* SceneDelegate.swift in Sources */ = {isa = PBXBuildFile; fileRef = FE791BDC286006460038661E /* SceneDelegate.swift */; };
		FE791BE42860064D0038661E /* Assets.xcassets in Resources */ = {isa = PBXBuildFile; fileRef = FE791BE32860064D0038661E /* Assets.xcassets */; };
		FE791BE72860064D0038661E /* LaunchScreen.storyboard in Resources */ = {isa = PBXBuildFile; fileRef = FE791BE52860064D0038661E /* LaunchScreen.storyboard */; };
		FE791BF0286007080038661E /* MainWeatherViewController.swift in Sources */ = {isa = PBXBuildFile; fileRef = FE791BEF286007080038661E /* MainWeatherViewController.swift */; };
		FE791BF228600AE70038661E /* MainWeatherViewModel.swift in Sources */ = {isa = PBXBuildFile; fileRef = FE791BF128600AE70038661E /* MainWeatherViewModel.swift */; };
		FE791BF528600E7C0038661E /* WeatherAPI.swift in Sources */ = {isa = PBXBuildFile; fileRef = FE791BF428600E7C0038661E /* WeatherAPI.swift */; };
		FE791BF8286012980038661E /* CityList.swift in Sources */ = {isa = PBXBuildFile; fileRef = FE791BF7286012980038661E /* CityList.swift */; };
		FE791BFA28601A0A0038661E /* WeatherNetwork.swift in Sources */ = {isa = PBXBuildFile; fileRef = FE791BF928601A0A0038661E /* WeatherNetwork.swift */; };
		FE791BFC28601AA80038661E /* WeatherNetworkData.swift in Sources */ = {isa = PBXBuildFile; fileRef = FE791BFB28601AA80038661E /* WeatherNetworkData.swift */; };
		FE791C01286027E30038661E /* WeatherCollectionView.swift in Sources */ = {isa = PBXBuildFile; fileRef = FE791C00286027E30038661E /* WeatherCollectionView.swift */; };
		FE791C0328602A700038661E /* WeatherCollectionViewModel.swift in Sources */ = {isa = PBXBuildFile; fileRef = FE791C0228602A700038661E /* WeatherCollectionViewModel.swift */; };
		FE791C0528602A830038661E /* WeatherCollectionModel.swift in Sources */ = {isa = PBXBuildFile; fileRef = FE791C0428602A830038661E /* WeatherCollectionModel.swift */; };
		FEA9DFEC28605FCC00F93EA4 /* WeatherCollectionViewCell.swift in Sources */ = {isa = PBXBuildFile; fileRef = FEA9DFEB28605FCC00F93EA4 /* WeatherCollectionViewCell.swift */; };
		FEA9DFEE2860666900F93EA4 /* WeatherCellData.swift in Sources */ = {isa = PBXBuildFile; fileRef = FEA9DFED2860666900F93EA4 /* WeatherCellData.swift */; };
		FEA9DFF12860849900F93EA4 /* ImageCacheManager.swift in Sources */ = {isa = PBXBuildFile; fileRef = FEA9DFF02860849900F93EA4 /* ImageCacheManager.swift */; };
		FEA9DFF32860D29700F93EA4 /* WeatherCacheManager.swift in Sources */ = {isa = PBXBuildFile; fileRef = FEA9DFF22860D29700F93EA4 /* WeatherCacheManager.swift */; };
/* End PBXBuildFile section */

/* Begin PBXFileReference section */
		FE291BDB2861589B0094AB6C /* WeatherCollectionViewDelegate.swift */ = {isa = PBXFileReference; lastKnownFileType = sourcecode.swift; path = WeatherCollectionViewDelegate.swift; sourceTree = "<group>"; };
		FE291BDE2861598B0094AB6C /* DetailWeatherViewController.swift */ = {isa = PBXFileReference; lastKnownFileType = sourcecode.swift; path = DetailWeatherViewController.swift; sourceTree = "<group>"; };
		FE291BE0286167740094AB6C /* DetailWeatherViewModel.swift */ = {isa = PBXFileReference; lastKnownFileType = sourcecode.swift; path = DetailWeatherViewModel.swift; sourceTree = "<group>"; };
		FE291BE22861696A0094AB6C /* WeatherDetailData.swift */ = {isa = PBXFileReference; lastKnownFileType = sourcecode.swift; path = WeatherDetailData.swift; sourceTree = "<group>"; };
		FE298BFF2861BA0B00177D8F /* InfoView.swift */ = {isa = PBXFileReference; lastKnownFileType = sourcecode.swift; path = InfoView.swift; sourceTree = "<group>"; };
		FE298C012861BEB500177D8F /* AdditionalWeatherInfoView.swift */ = {isa = PBXFileReference; lastKnownFileType = sourcecode.swift; path = AdditionalWeatherInfoView.swift; sourceTree = "<group>"; };
		FE298C032861C05600177D8F /* AdditionalWeatherInfoViewModel.swift */ = {isa = PBXFileReference; lastKnownFileType = sourcecode.swift; path = AdditionalWeatherInfoViewModel.swift; sourceTree = "<group>"; };
		FE298C062861D10F00177D8F /* TemperatureInfoSlotView.swift */ = {isa = PBXFileReference; lastKnownFileType = sourcecode.swift; path = TemperatureInfoSlotView.swift; sourceTree = "<group>"; };
		FE298C082861D17000177D8F /* ETCInfoSlotView.swift */ = {isa = PBXFileReference; lastKnownFileType = sourcecode.swift; path = ETCInfoSlotView.swift; sourceTree = "<group>"; };
		FE298C0D286213F000177D8F /* CustomNavigationBar.swift */ = {isa = PBXFileReference; lastKnownFileType = sourcecode.swift; path = CustomNavigationBar.swift; sourceTree = "<group>"; };
		FE791BD7286006460038661E /* wanted_pre_onboarding_kimkirim.app */ = {isa = PBXFileReference; explicitFileType = wrapper.application; includeInIndex = 0; path = wanted_pre_onboarding_kimkirim.app; sourceTree = BUILT_PRODUCTS_DIR; };
		FE791BDA286006460038661E /* AppDelegate.swift */ = {isa = PBXFileReference; lastKnownFileType = sourcecode.swift; path = AppDelegate.swift; sourceTree = "<group>"; };
		FE791BDC286006460038661E /* SceneDelegate.swift */ = {isa = PBXFileReference; lastKnownFileType = sourcecode.swift; path = SceneDelegate.swift; sourceTree = "<group>"; };
		FE791BE32860064D0038661E /* Assets.xcassets */ = {isa = PBXFileReference; lastKnownFileType = folder.assetcatalog; path = Assets.xcassets; sourceTree = "<group>"; };
		FE791BE62860064D0038661E /* Base */ = {isa = PBXFileReference; lastKnownFileType = file.storyboard; name = Base; path = Base.lproj/LaunchScreen.storyboard; sourceTree = "<group>"; };
		FE791BE82860064D0038661E /* Info.plist */ = {isa = PBXFileReference; lastKnownFileType = text.plist.xml; path = Info.plist; sourceTree = "<group>"; };
		FE791BEF286007080038661E /* MainWeatherViewController.swift */ = {isa = PBXFileReference; lastKnownFileType = sourcecode.swift; path = MainWeatherViewController.swift; sourceTree = "<group>"; };
		FE791BF128600AE70038661E /* MainWeatherViewModel.swift */ = {isa = PBXFileReference; lastKnownFileType = sourcecode.swift; path = MainWeatherViewModel.swift; sourceTree = "<group>"; };
		FE791BF428600E7C0038661E /* WeatherAPI.swift */ = {isa = PBXFileReference; lastKnownFileType = sourcecode.swift; path = WeatherAPI.swift; sourceTree = "<group>"; };
		FE791BF7286012980038661E /* CityList.swift */ = {isa = PBXFileReference; lastKnownFileType = sourcecode.swift; path = CityList.swift; sourceTree = "<group>"; };
		FE791BF928601A0A0038661E /* WeatherNetwork.swift */ = {isa = PBXFileReference; lastKnownFileType = sourcecode.swift; path = WeatherNetwork.swift; sourceTree = "<group>"; };
		FE791BFB28601AA80038661E /* WeatherNetworkData.swift */ = {isa = PBXFileReference; lastKnownFileType = sourcecode.swift; path = WeatherNetworkData.swift; sourceTree = "<group>"; };
		FE791C00286027E30038661E /* WeatherCollectionView.swift */ = {isa = PBXFileReference; lastKnownFileType = sourcecode.swift; path = WeatherCollectionView.swift; sourceTree = "<group>"; };
		FE791C0228602A700038661E /* WeatherCollectionViewModel.swift */ = {isa = PBXFileReference; lastKnownFileType = sourcecode.swift; path = WeatherCollectionViewModel.swift; sourceTree = "<group>"; };
		FE791C0428602A830038661E /* WeatherCollectionModel.swift */ = {isa = PBXFileReference; lastKnownFileType = sourcecode.swift; path = WeatherCollectionModel.swift; sourceTree = "<group>"; };
		FEA9DFEB28605FCC00F93EA4 /* WeatherCollectionViewCell.swift */ = {isa = PBXFileReference; lastKnownFileType = sourcecode.swift; path = WeatherCollectionViewCell.swift; sourceTree = "<group>"; };
		FEA9DFED2860666900F93EA4 /* WeatherCellData.swift */ = {isa = PBXFileReference; lastKnownFileType = sourcecode.swift; path = WeatherCellData.swift; sourceTree = "<group>"; };
		FEA9DFF02860849900F93EA4 /* ImageCacheManager.swift */ = {isa = PBXFileReference; lastKnownFileType = sourcecode.swift; path = ImageCacheManager.swift; sourceTree = "<group>"; };
		FEA9DFF22860D29700F93EA4 /* WeatherCacheManager.swift */ = {isa = PBXFileReference; lastKnownFileType = sourcecode.swift; path = WeatherCacheManager.swift; sourceTree = "<group>"; };
/* End PBXFileReference section */

/* Begin PBXFrameworksBuildPhase section */
		FE791BD4286006460038661E /* Frameworks */ = {
			isa = PBXFrameworksBuildPhase;
			buildActionMask = 2147483647;
			files = (
			);
			runOnlyForDeploymentPostprocessing = 0;
		};
/* End PBXFrameworksBuildPhase section */

/* Begin PBXGroup section */
		FE291BDD2861596B0094AB6C /* SecondPage */ = {
			isa = PBXGroup;
			children = (
				FE291BDE2861598B0094AB6C /* DetailWeatherViewController.swift */,
				FE291BE0286167740094AB6C /* DetailWeatherViewModel.swift */,
				FE298BFE2861B9DD00177D8F /* SubComponents */,
			);
			path = SecondPage;
			sourceTree = "<group>";
		};
		FE298BFE2861B9DD00177D8F /* SubComponents */ = {
			isa = PBXGroup;
			children = (
				FE298C0C286213D800177D8F /* CustomNavigationBar */,
				FE298C0B286213C400177D8F /* AdditionalWeatherInfoPage */,
			);
			path = SubComponents;
			sourceTree = "<group>";
		};
		FE298C052861CFC700177D8F /* SubComponents */ = {
			isa = PBXGroup;
			children = (
				FE298C062861D10F00177D8F /* TemperatureInfoSlotView.swift */,
				FE298C082861D17000177D8F /* ETCInfoSlotView.swift */,
				FE298C0A2861DE5D00177D8F /* SubComponent */,
			);
			path = SubComponents;
			sourceTree = "<group>";
		};
		FE298C0A2861DE5D00177D8F /* SubComponent */ = {
			isa = PBXGroup;
			children = (
				FE298BFF2861BA0B00177D8F /* InfoView.swift */,
			);
			path = SubComponent;
			sourceTree = "<group>";
		};
		FE298C0B286213C400177D8F /* AdditionalWeatherInfoPage */ = {
			isa = PBXGroup;
			children = (
				FE298C012861BEB500177D8F /* AdditionalWeatherInfoView.swift */,
				FE298C032861C05600177D8F /* AdditionalWeatherInfoViewModel.swift */,
				FE298C052861CFC700177D8F /* SubComponents */,
			);
			path = AdditionalWeatherInfoPage;
			sourceTree = "<group>";
		};
		FE298C0C286213D800177D8F /* CustomNavigationBar */ = {
			isa = PBXGroup;
			children = (
				FE298C0D286213F000177D8F /* CustomNavigationBar.swift */,
			);
			path = CustomNavigationBar;
			sourceTree = "<group>";
		};
		FE791BCE286006460038661E = {
			isa = PBXGroup;
			children = (
				FE791BD9286006460038661E /* wanted_pre_onboarding_kimkirim */,
				FE791BD8286006460038661E /* Products */,
			);
			sourceTree = "<group>";
		};
		FE791BD8286006460038661E /* Products */ = {
			isa = PBXGroup;
			children = (
				FE791BD7286006460038661E /* wanted_pre_onboarding_kimkirim.app */,
			);
			name = Products;
			sourceTree = "<group>";
		};
		FE791BD9286006460038661E /* wanted_pre_onboarding_kimkirim */ = {
			isa = PBXGroup;
			children = (
				FE791BEE286006CA0038661E /* FirstPage */,
				FE291BDD2861596B0094AB6C /* SecondPage */,
				FE791BF328600AFF0038661E /* Network */,
				FE791BF62860123A0038661E /* Entities */,
				FE791BDA286006460038661E /* AppDelegate.swift */,
				FE791BDC286006460038661E /* SceneDelegate.swift */,
				FE791BE32860064D0038661E /* Assets.xcassets */,
				FE791BE52860064D0038661E /* LaunchScreen.storyboard */,
				FE791BE82860064D0038661E /* Info.plist */,
			);
			path = wanted_pre_onboarding_kimkirim;
			sourceTree = "<group>";
		};
		FE791BEE286006CA0038661E /* FirstPage */ = {
			isa = PBXGroup;
			children = (
				FE791BEF286007080038661E /* MainWeatherViewController.swift */,
				FE791BF128600AE70038661E /* MainWeatherViewModel.swift */,
				FE791BFF286027CB0038661E /* SubComponents */,
			);
			path = FirstPage;
			sourceTree = "<group>";
		};
		FE791BF328600AFF0038661E /* Network */ = {
			isa = PBXGroup;
			children = (
				FE791BF428600E7C0038661E /* WeatherAPI.swift */,
				FE791BF928601A0A0038661E /* WeatherNetwork.swift */,
				FEA9DFEF2860848A00F93EA4 /* Cache */,
			);
			path = Network;
			sourceTree = "<group>";
		};
		FE791BF62860123A0038661E /* Entities */ = {
			isa = PBXGroup;
			children = (
				FE791BF7286012980038661E /* CityList.swift */,
				FE791BFB28601AA80038661E /* WeatherNetworkData.swift */,
				FE291BE22861696A0094AB6C /* WeatherDetailData.swift */,
				FEA9DFED2860666900F93EA4 /* WeatherCellData.swift */,
			);
			path = Entities;
			sourceTree = "<group>";
		};
		FE791BFF286027CB0038661E /* SubComponents */ = {
			isa = PBXGroup;
			children = (
				FE791C0628602B0C0038661E /* CollectionView */,
			);
			path = SubComponents;
			sourceTree = "<group>";
		};
		FE791C0628602B0C0038661E /* CollectionView */ = {
			isa = PBXGroup;
			children = (
				FE791C00286027E30038661E /* WeatherCollectionView.swift */,
				FE791C0228602A700038661E /* WeatherCollectionViewModel.swift */,
				FE791C0428602A830038661E /* WeatherCollectionModel.swift */,
				FEA9DFEB28605FCC00F93EA4 /* WeatherCollectionViewCell.swift */,
				FE291BDB2861589B0094AB6C /* WeatherCollectionViewDelegate.swift */,
			);
			path = CollectionView;
			sourceTree = "<group>";
		};
		FEA9DFEF2860848A00F93EA4 /* Cache */ = {
			isa = PBXGroup;
			children = (
				FEA9DFF02860849900F93EA4 /* ImageCacheManager.swift */,
				FEA9DFF22860D29700F93EA4 /* WeatherCacheManager.swift */,
			);
			path = Cache;
			sourceTree = "<group>";
		};
/* End PBXGroup section */

/* Begin PBXNativeTarget section */
		FE791BD6286006460038661E /* wanted_pre_onboarding_kimkirim */ = {
			isa = PBXNativeTarget;
			buildConfigurationList = FE791BEB2860064D0038661E /* Build configuration list for PBXNativeTarget "wanted_pre_onboarding_kimkirim" */;
			buildPhases = (
				FE791BD3286006460038661E /* Sources */,
				FE791BD4286006460038661E /* Frameworks */,
				FE791BD5286006460038661E /* Resources */,
			);
			buildRules = (
			);
			dependencies = (
			);
			name = wanted_pre_onboarding_kimkirim;
			productName = wanted_pre_onboarding_kimkirim;
			productReference = FE791BD7286006460038661E /* wanted_pre_onboarding_kimkirim.app */;
			productType = "com.apple.product-type.application";
		};
/* End PBXNativeTarget section */

/* Begin PBXProject section */
		FE791BCF286006460038661E /* Project object */ = {
			isa = PBXProject;
			attributes = {
				BuildIndependentTargetsInParallel = 1;
				LastSwiftUpdateCheck = 1330;
				LastUpgradeCheck = 1330;
				TargetAttributes = {
					FE791BD6286006460038661E = {
						CreatedOnToolsVersion = 13.3;
					};
				};
			};
			buildConfigurationList = FE791BD2286006460038661E /* Build configuration list for PBXProject "wanted_pre_onboarding_kimkirim" */;
			compatibilityVersion = "Xcode 13.0";
			developmentRegion = en;
			hasScannedForEncodings = 0;
			knownRegions = (
				en,
				Base,
			);
			mainGroup = FE791BCE286006460038661E;
			productRefGroup = FE791BD8286006460038661E /* Products */;
			projectDirPath = "";
			projectRoot = "";
			targets = (
				FE791BD6286006460038661E /* wanted_pre_onboarding_kimkirim */,
			);
		};
/* End PBXProject section */

/* Begin PBXResourcesBuildPhase section */
		FE791BD5286006460038661E /* Resources */ = {
			isa = PBXResourcesBuildPhase;
			buildActionMask = 2147483647;
			files = (
				FE791BE72860064D0038661E /* LaunchScreen.storyboard in Resources */,
				FE791BE42860064D0038661E /* Assets.xcassets in Resources */,
			);
			runOnlyForDeploymentPostprocessing = 0;
		};
/* End PBXResourcesBuildPhase section */

/* Begin PBXSourcesBuildPhase section */
		FE791BD3286006460038661E /* Sources */ = {
			isa = PBXSourcesBuildPhase;
			buildActionMask = 2147483647;
			files = (
				FE291BDC2861589B0094AB6C /* WeatherCollectionViewDelegate.swift in Sources */,
				FE298C042861C05600177D8F /* AdditionalWeatherInfoViewModel.swift in Sources */,
				FE791BDB286006460038661E /* AppDelegate.swift in Sources */,
				FE791BDD286006460038661E /* SceneDelegate.swift in Sources */,
				FE791C0328602A700038661E /* WeatherCollectionViewModel.swift in Sources */,
				FE791BF228600AE70038661E /* MainWeatherViewModel.swift in Sources */,
				FE298C022861BEB500177D8F /* AdditionalWeatherInfoView.swift in Sources */,
				FE298C002861BA0B00177D8F /* InfoView.swift in Sources */,
				FE791C01286027E30038661E /* WeatherCollectionView.swift in Sources */,
				FE791BFA28601A0A0038661E /* WeatherNetwork.swift in Sources */,
				FE298C092861D17000177D8F /* ETCInfoSlotView.swift in Sources */,
				FE791BF0286007080038661E /* MainWeatherViewController.swift in Sources */,
				FEA9DFF32860D29700F93EA4 /* WeatherCacheManager.swift in Sources */,
				FE791BF8286012980038661E /* CityList.swift in Sources */,
				FE298C0E286213F000177D8F /* CustomNavigationBar.swift in Sources */,
				FE298C072861D10F00177D8F /* TemperatureInfoSlotView.swift in Sources */,
				FEA9DFF12860849900F93EA4 /* ImageCacheManager.swift in Sources */,
				FE791BFC28601AA80038661E /* WeatherNetworkData.swift in Sources */,
				FE291BE1286167740094AB6C /* DetailWeatherViewModel.swift in Sources */,
				FEA9DFEC28605FCC00F93EA4 /* WeatherCollectionViewCell.swift in Sources */,
				FE791C0528602A830038661E /* WeatherCollectionModel.swift in Sources */,
				FE291BE32861696A0094AB6C /* WeatherDetailData.swift in Sources */,
				FE291BDF2861598B0094AB6C /* DetailWeatherViewController.swift in Sources */,
				FEA9DFEE2860666900F93EA4 /* WeatherCellData.swift in Sources */,
				FE791BF528600E7C0038661E /* WeatherAPI.swift in Sources */,
			);
			runOnlyForDeploymentPostprocessing = 0;
		};
/* End PBXSourcesBuildPhase section */

/* Begin PBXVariantGroup section */
		FE791BE52860064D0038661E /* LaunchScreen.storyboard */ = {
			isa = PBXVariantGroup;
			children = (
				FE791BE62860064D0038661E /* Base */,
			);
			name = LaunchScreen.storyboard;
			sourceTree = "<group>";
		};
/* End PBXVariantGroup section */

/* Begin XCBuildConfiguration section */
		FE791BE92860064D0038661E /* Debug */ = {
			isa = XCBuildConfiguration;
			buildSettings = {
				ALWAYS_SEARCH_USER_PATHS = NO;
				CLANG_ANALYZER_NONNULL = YES;
				CLANG_ANALYZER_NUMBER_OBJECT_CONVERSION = YES_AGGRESSIVE;
				CLANG_CXX_LANGUAGE_STANDARD = "gnu++17";
				CLANG_ENABLE_MODULES = YES;
				CLANG_ENABLE_OBJC_ARC = YES;
				CLANG_ENABLE_OBJC_WEAK = YES;
				CLANG_WARN_BLOCK_CAPTURE_AUTORELEASING = YES;
				CLANG_WARN_BOOL_CONVERSION = YES;
				CLANG_WARN_COMMA = YES;
				CLANG_WARN_CONSTANT_CONVERSION = YES;
				CLANG_WARN_DEPRECATED_OBJC_IMPLEMENTATIONS = YES;
				CLANG_WARN_DIRECT_OBJC_ISA_USAGE = YES_ERROR;
				CLANG_WARN_DOCUMENTATION_COMMENTS = YES;
				CLANG_WARN_EMPTY_BODY = YES;
				CLANG_WARN_ENUM_CONVERSION = YES;
				CLANG_WARN_INFINITE_RECURSION = YES;
				CLANG_WARN_INT_CONVERSION = YES;
				CLANG_WARN_NON_LITERAL_NULL_CONVERSION = YES;
				CLANG_WARN_OBJC_IMPLICIT_RETAIN_SELF = YES;
				CLANG_WARN_OBJC_LITERAL_CONVERSION = YES;
				CLANG_WARN_OBJC_ROOT_CLASS = YES_ERROR;
				CLANG_WARN_QUOTED_INCLUDE_IN_FRAMEWORK_HEADER = YES;
				CLANG_WARN_RANGE_LOOP_ANALYSIS = YES;
				CLANG_WARN_STRICT_PROTOTYPES = YES;
				CLANG_WARN_SUSPICIOUS_MOVE = YES;
				CLANG_WARN_UNGUARDED_AVAILABILITY = YES_AGGRESSIVE;
				CLANG_WARN_UNREACHABLE_CODE = YES;
				CLANG_WARN__DUPLICATE_METHOD_MATCH = YES;
				COPY_PHASE_STRIP = NO;
				DEBUG_INFORMATION_FORMAT = dwarf;
				ENABLE_STRICT_OBJC_MSGSEND = YES;
				ENABLE_TESTABILITY = YES;
				GCC_C_LANGUAGE_STANDARD = gnu11;
				GCC_DYNAMIC_NO_PIC = NO;
				GCC_NO_COMMON_BLOCKS = YES;
				GCC_OPTIMIZATION_LEVEL = 0;
				GCC_PREPROCESSOR_DEFINITIONS = (
					"DEBUG=1",
					"$(inherited)",
				);
				GCC_WARN_64_TO_32_BIT_CONVERSION = YES;
				GCC_WARN_ABOUT_RETURN_TYPE = YES_ERROR;
				GCC_WARN_UNDECLARED_SELECTOR = YES;
				GCC_WARN_UNINITIALIZED_AUTOS = YES_AGGRESSIVE;
				GCC_WARN_UNUSED_FUNCTION = YES;
				GCC_WARN_UNUSED_VARIABLE = YES;
				IPHONEOS_DEPLOYMENT_TARGET = 15.4;
				MTL_ENABLE_DEBUG_INFO = INCLUDE_SOURCE;
				MTL_FAST_MATH = YES;
				ONLY_ACTIVE_ARCH = YES;
				SDKROOT = iphoneos;
				SWIFT_ACTIVE_COMPILATION_CONDITIONS = DEBUG;
				SWIFT_OPTIMIZATION_LEVEL = "-Onone";
			};
			name = Debug;
		};
		FE791BEA2860064D0038661E /* Release */ = {
			isa = XCBuildConfiguration;
			buildSettings = {
				ALWAYS_SEARCH_USER_PATHS = NO;
				CLANG_ANALYZER_NONNULL = YES;
				CLANG_ANALYZER_NUMBER_OBJECT_CONVERSION = YES_AGGRESSIVE;
				CLANG_CXX_LANGUAGE_STANDARD = "gnu++17";
				CLANG_ENABLE_MODULES = YES;
				CLANG_ENABLE_OBJC_ARC = YES;
				CLANG_ENABLE_OBJC_WEAK = YES;
				CLANG_WARN_BLOCK_CAPTURE_AUTORELEASING = YES;
				CLANG_WARN_BOOL_CONVERSION = YES;
				CLANG_WARN_COMMA = YES;
				CLANG_WARN_CONSTANT_CONVERSION = YES;
				CLANG_WARN_DEPRECATED_OBJC_IMPLEMENTATIONS = YES;
				CLANG_WARN_DIRECT_OBJC_ISA_USAGE = YES_ERROR;
				CLANG_WARN_DOCUMENTATION_COMMENTS = YES;
				CLANG_WARN_EMPTY_BODY = YES;
				CLANG_WARN_ENUM_CONVERSION = YES;
				CLANG_WARN_INFINITE_RECURSION = YES;
				CLANG_WARN_INT_CONVERSION = YES;
				CLANG_WARN_NON_LITERAL_NULL_CONVERSION = YES;
				CLANG_WARN_OBJC_IMPLICIT_RETAIN_SELF = YES;
				CLANG_WARN_OBJC_LITERAL_CONVERSION = YES;
				CLANG_WARN_OBJC_ROOT_CLASS = YES_ERROR;
				CLANG_WARN_QUOTED_INCLUDE_IN_FRAMEWORK_HEADER = YES;
				CLANG_WARN_RANGE_LOOP_ANALYSIS = YES;
				CLANG_WARN_STRICT_PROTOTYPES = YES;
				CLANG_WARN_SUSPICIOUS_MOVE = YES;
				CLANG_WARN_UNGUARDED_AVAILABILITY = YES_AGGRESSIVE;
				CLANG_WARN_UNREACHABLE_CODE = YES;
				CLANG_WARN__DUPLICATE_METHOD_MATCH = YES;
				COPY_PHASE_STRIP = NO;
				DEBUG_INFORMATION_FORMAT = "dwarf-with-dsym";
				ENABLE_NS_ASSERTIONS = NO;
				ENABLE_STRICT_OBJC_MSGSEND = YES;
				GCC_C_LANGUAGE_STANDARD = gnu11;
				GCC_NO_COMMON_BLOCKS = YES;
				GCC_WARN_64_TO_32_BIT_CONVERSION = YES;
				GCC_WARN_ABOUT_RETURN_TYPE = YES_ERROR;
				GCC_WARN_UNDECLARED_SELECTOR = YES;
				GCC_WARN_UNINITIALIZED_AUTOS = YES_AGGRESSIVE;
				GCC_WARN_UNUSED_FUNCTION = YES;
				GCC_WARN_UNUSED_VARIABLE = YES;
				IPHONEOS_DEPLOYMENT_TARGET = 15.4;
				MTL_ENABLE_DEBUG_INFO = NO;
				MTL_FAST_MATH = YES;
				SDKROOT = iphoneos;
				SWIFT_COMPILATION_MODE = wholemodule;
				SWIFT_OPTIMIZATION_LEVEL = "-O";
				VALIDATE_PRODUCT = YES;
			};
			name = Release;
		};
		FE791BEC2860064D0038661E /* Debug */ = {
			isa = XCBuildConfiguration;
			buildSettings = {
				ASSETCATALOG_COMPILER_APPICON_NAME = AppIcon;
				ASSETCATALOG_COMPILER_GLOBAL_ACCENT_COLOR_NAME = AccentColor;
				CODE_SIGN_STYLE = Automatic;
				CURRENT_PROJECT_VERSION = 1;
				DEVELOPMENT_TEAM = CNGL9PR533;
				GENERATE_INFOPLIST_FILE = YES;
				INFOPLIST_FILE = wanted_pre_onboarding_kimkirim/Info.plist;
				INFOPLIST_KEY_UIApplicationSupportsIndirectInputEvents = YES;
				INFOPLIST_KEY_UILaunchStoryboardName = LaunchScreen;
				INFOPLIST_KEY_UISupportedInterfaceOrientations_iPad = "UIInterfaceOrientationPortrait UIInterfaceOrientationPortraitUpsideDown UIInterfaceOrientationLandscapeLeft UIInterfaceOrientationLandscapeRight";
				INFOPLIST_KEY_UISupportedInterfaceOrientations_iPhone = "UIInterfaceOrientationPortrait UIInterfaceOrientationLandscapeLeft UIInterfaceOrientationLandscapeRight";
				LD_RUNPATH_SEARCH_PATHS = (
					"$(inherited)",
					"@executable_path/Frameworks",
				);
				MARKETING_VERSION = 1.0;
				PRODUCT_BUNDLE_IDENTIFIER = "com.kirkim.wanted-pre-onboarding-kimkirim";
				PRODUCT_NAME = "$(TARGET_NAME)";
				SWIFT_EMIT_LOC_STRINGS = YES;
				SWIFT_VERSION = 5.0;
				TARGETED_DEVICE_FAMILY = 1;
			};
			name = Debug;
		};
		FE791BED2860064D0038661E /* Release */ = {
			isa = XCBuildConfiguration;
			buildSettings = {
				ASSETCATALOG_COMPILER_APPICON_NAME = AppIcon;
				ASSETCATALOG_COMPILER_GLOBAL_ACCENT_COLOR_NAME = AccentColor;
				CODE_SIGN_STYLE = Automatic;
				CURRENT_PROJECT_VERSION = 1;
				DEVELOPMENT_TEAM = CNGL9PR533;
				GENERATE_INFOPLIST_FILE = YES;
				INFOPLIST_FILE = wanted_pre_onboarding_kimkirim/Info.plist;
				INFOPLIST_KEY_UIApplicationSupportsIndirectInputEvents = YES;
				INFOPLIST_KEY_UILaunchStoryboardName = LaunchScreen;
				INFOPLIST_KEY_UISupportedInterfaceOrientations_iPad = "UIInterfaceOrientationPortrait UIInterfaceOrientationPortraitUpsideDown UIInterfaceOrientationLandscapeLeft UIInterfaceOrientationLandscapeRight";
				INFOPLIST_KEY_UISupportedInterfaceOrientations_iPhone = "UIInterfaceOrientationPortrait UIInterfaceOrientationLandscapeLeft UIInterfaceOrientationLandscapeRight";
				LD_RUNPATH_SEARCH_PATHS = (
					"$(inherited)",
					"@executable_path/Frameworks",
				);
				MARKETING_VERSION = 1.0;
				PRODUCT_BUNDLE_IDENTIFIER = "com.kirkim.wanted-pre-onboarding-kimkirim";
				PRODUCT_NAME = "$(TARGET_NAME)";
				SWIFT_EMIT_LOC_STRINGS = YES;
				SWIFT_VERSION = 5.0;
				TARGETED_DEVICE_FAMILY = 1;
			};
			name = Release;
		};
/* End XCBuildConfiguration section */

/* Begin XCConfigurationList section */
		FE791BD2286006460038661E /* Build configuration list for PBXProject "wanted_pre_onboarding_kimkirim" */ = {
			isa = XCConfigurationList;
			buildConfigurations = (
				FE791BE92860064D0038661E /* Debug */,
				FE791BEA2860064D0038661E /* Release */,
			);
			defaultConfigurationIsVisible = 0;
			defaultConfigurationName = Release;
		};
		FE791BEB2860064D0038661E /* Build configuration list for PBXNativeTarget "wanted_pre_onboarding_kimkirim" */ = {
			isa = XCConfigurationList;
			buildConfigurations = (
				FE791BEC2860064D0038661E /* Debug */,
				FE791BED2860064D0038661E /* Release */,
			);
			defaultConfigurationIsVisible = 0;
			defaultConfigurationName = Release;
		};
/* End XCConfigurationList section */
	};
	rootObject = FE791BCF286006460038661E /* Project object */;
}
